{
    "_readme": [
        "This file locks the dependencies of your project to a known state",
        "Read more about it at https://getcomposer.org/doc/01-basic-usage.md#installing-dependencies",
        "This file is @generated automatically"
    ],
    "content-hash": "2a5ef5b477a2291c787323f19908f9b3",
    "packages": [
        {
            "name": "simplito/bigint-wrapper-php",
            "version": "1.0.0",
            "source": {
                "type": "git",
                "url": "https://github.com/simplito/bigint-wrapper-php.git",
                "reference": "cf21ec76d33f103add487b3eadbd9f5033a25930"
            },
            "dist": {
                "type": "zip",
                "url": "https://api.github.com/repos/simplito/bigint-wrapper-php/zipball/cf21ec76d33f103add487b3eadbd9f5033a25930",
                "reference": "cf21ec76d33f103add487b3eadbd9f5033a25930",
                "shasum": ""
            },
            "type": "library",
            "autoload": {
                "psr-4": {
                    "BI\\": "lib/"
                }
            },
            "notification-url": "https://packagist.org/downloads/",
            "license": [
                "MIT"
            ],
            "authors": [
                {
                    "name": "Simplito Team",
                    "email": "s.smyczynski@simplito.com",
                    "homepage": "https://simplito.com"
                }
            ],
            "description": "Common interface for php_gmp and php_bcmath modules",
            "support": {
                "issues": "https://github.com/simplito/bigint-wrapper-php/issues",
                "source": "https://github.com/simplito/bigint-wrapper-php/tree/1.0.0"
            },
            "time": "2018-02-27T12:38:08+00:00"
        },
        {
            "name": "simplito/bn-php",
            "version": "1.1.2",
            "source": {
                "type": "git",
                "url": "https://github.com/simplito/bn-php.git",
                "reference": "e852fcd27e4acbc32459606d7606e45a85e42465"
            },
            "dist": {
                "type": "zip",
                "url": "https://api.github.com/repos/simplito/bn-php/zipball/e852fcd27e4acbc32459606d7606e45a85e42465",
                "reference": "e852fcd27e4acbc32459606d7606e45a85e42465",
                "shasum": ""
            },
            "require": {
                "simplito/bigint-wrapper-php": "~1.0.0"
            },
            "require-dev": {
                "phpunit/phpunit": "*"
            },
            "type": "library",
            "autoload": {
                "psr-4": {
                    "BN\\": "lib/"
                }
            },
            "notification-url": "https://packagist.org/downloads/",
            "license": [
                "MIT"
            ],
            "authors": [
                {
                    "name": "Simplito Team",
                    "email": "s.smyczynski@simplito.com",
                    "homepage": "https://simplito.com"
                }
            ],
            "description": "Big number implementation compatible with bn.js",
            "support": {
                "issues": "https://github.com/simplito/bn-php/issues",
                "source": "https://github.com/simplito/bn-php/tree/1.1.2"
            },
            "time": "2018-04-12T11:07:43+00:00"
        },
        {
            "name": "simplito/elliptic-php",
            "version": "1.0.6",
            "source": {
                "type": "git",
                "url": "https://github.com/simplito/elliptic-php.git",
                "reference": "15652609aa55968d56685c2a9120535ccdc00fd9"
            },
            "dist": {
                "type": "zip",
                "url": "https://api.github.com/repos/simplito/elliptic-php/zipball/15652609aa55968d56685c2a9120535ccdc00fd9",
                "reference": "15652609aa55968d56685c2a9120535ccdc00fd9",
                "shasum": ""
            },
            "require": {
                "ext-gmp": "*",
                "simplito/bn-php": "~1.1.0"
            },
            "require-dev": {
                "phpbench/phpbench": "@dev",
                "phpunit/phpunit": "*"
            },
            "type": "library",
            "autoload": {
                "psr-4": {
                    "Elliptic\\": "lib/"
                }
            },
            "notification-url": "https://packagist.org/downloads/",
            "license": [
                "MIT"
            ],
            "authors": [
                {
                    "name": "Simplito Team",
                    "email": "s.smyczynski@simplito.com",
                    "homepage": "https://simplito.com"
                }
            ],
            "description": "Fast elliptic curve cryptography",
            "homepage": "https://github.com/simplito/elliptic-php",
            "keywords": [
                "Curve25519",
                "ECDSA",
                "Ed25519",
                "EdDSA",
                "cryptography",
                "curve",
                "ecc",
                "ecdh",
                "elliptic",
                "nistp192",
                "nistp224",
                "nistp256",
                "nistp384",
                "nistp521",
                "secp256k1"
            ],
            "support": {
                "issues": "https://github.com/simplito/elliptic-php/issues",
                "source": "https://github.com/simplito/elliptic-php/tree/1.0.6"
            },
            "time": "2019-11-14T13:43:07+00:00"
        }
    ],
    "packages-dev": [],
    "aliases": [],
    "minimum-stability": "stable",
    "stability-flags": [],
    "prefer-stable": false,
    "prefer-lowest": false,
    "platform": [],
    "platform-dev": [],
    "plugin-api-version": "2.0.0"
}
